
Microsoft Visual Studio Solution File, Format Version 12.00
# Visual Studio Version 16
VisualStudioVersion = 16.0.28721.148
MinimumVisualStudioVersion = 10.0.40219.1
Project("{8BC9CEB8-8B4A-11D0-8D11-00A0C91BC942}") = "libxslt", "libxslt\libxslt.vcxproj", "{4E956DAE-BCF7-4E4D-B304-2BB024570EC8}"
EndProject
Project("{8BC9CEB8-8B4A-11D0-8D11-00A0C91BC942}") = "libexslt", "libexslt\libexslt.vcxproj", "{E44D78FF-266E-4B5B-9BAD-9CDF070A100F}"
	ProjectSection(ProjectDependencies) = postProject
		{4E956DAE-BCF7-4E4D-B304-2BB024570EC8} = {4E956DAE-BCF7-4E4D-B304-2BB024570EC8}
	EndProjectSection
EndProject
Project("{8BC9CEB8-8B4A-11D0-8D11-00A0C91BC942}") = "libxslt-static", "libxslt-static\libxslt-static.vcxproj", "{F8BD0B29-0447-4D95-9551-F54A69DE826D}"
EndProject
Project("{8BC9CEB8-8B4A-11D0-8D11-00A0C91BC942}") = "libexslt-static", "libexslt-static\libexslt-static.vcxproj", "{1397AA03-942B-4B4B-AF58-BE5D2D1EAB46}"
	ProjectSection(ProjectDependencies) = postProject
		{F8BD0B29-0447-4D95-9551-F54A69DE826D} = {F8BD0B29-0447-4D95-9551-F54A69DE826D}
	EndProjectSection
EndProject
Project("{8BC9CEB8-8B4A-11D0-8D11-00A0C91BC942}") = "xsltproc", "xsltproc\xsltproc.vcxproj", "{F84AF7A6-1899-4333-9F2B-A38158C88544}"
	ProjectSection(ProjectDependencies) = postProject
		{4E956DAE-BCF7-4E4D-B304-2BB024570EC8} = {4E956DAE-BCF7-4E4D-B304-2BB024570EC8}
		{E44D78FF-266E-4B5B-9BAD-9CDF070A100F} = {E44D78FF-266E-4B5B-9BAD-9CDF070A100F}
	EndProjectSection
EndProject
Project("{8BC9CEB8-8B4A-11D0-8D11-00A0C91BC942}") = "xsltproc-static", "xsltproc-static\xsltproc-static.vcxproj", "{905AD049-43B2-4D4C-925F-9C7C87D9146B}"
	ProjectSection(ProjectDependencies) = postProject
		{1397AA03-942B-4B4B-AF58-BE5D2D1EAB46} = {1397AA03-942B-4B4B-AF58-BE5D2D1EAB46}
		{F8BD0B29-0447-4D95-9551-F54A69DE826D} = {F8BD0B29-0447-4D95-9551-F54A69DE826D}
	EndProjectSection
EndProject
Project("{2150E333-8FDC-42A3-9474-1A3956D46DE8}") = "tests", "tests", "{B69D2EB1-CCD4-4DE9-A6B7-FD505194B0E7}"
EndProject
Project("{8BC9CEB8-8B4A-11D0-8D11-00A0C91BC942}") = "testThreads", "tests\testThreads\testThreads.vcxproj", "{95B53D31-4480-4344-BE94-D9EE7820857F}"
	ProjectSection(ProjectDependencies) = postProject
		{4E956DAE-BCF7-4E4D-B304-2BB024570EC8} = {4E956DAE-BCF7-4E4D-B304-2BB024570EC8}
		{E44D78FF-266E-4B5B-9BAD-9CDF070A100F} = {E44D78FF-266E-4B5B-9BAD-9CDF070A100F}
	EndProjectSection
EndProject
Global
	GlobalSection(SolutionConfigurationPlatforms) = preSolution
		Debug|ARM = Debug|ARM
		Release|ARM = Release|ARM
	EndGlobalSection
	GlobalSection(ProjectConfigurationPlatforms) = postSolution
		{4E956DAE-BCF7-4E4D-B304-2BB024570EC8}.Debug|ARM.ActiveCfg = Debug|ARM
		{4E956DAE-BCF7-4E4D-B304-2BB024570EC8}.Debug|ARM.Build.0 = Debug|ARM
		{4E956DAE-BCF7-4E4D-B304-2BB024570EC8}.Release|ARM.ActiveCfg = Release|ARM
		{4E956DAE-BCF7-4E4D-B304-2BB024570EC8}.Release|ARM.Build.0 = Release|ARM
		{E44D78FF-266E-4B5B-9BAD-9CDF070A100F}.Debug|ARM.ActiveCfg = Debug|ARM
		{E44D78FF-266E-4B5B-9BAD-9CDF070A100F}.Debug|ARM.Build.0 = Debug|ARM
		{E44D78FF-266E-4B5B-9BAD-9CDF070A100F}.Release|ARM.ActiveCfg = Release|ARM
		{E44D78FF-266E-4B5B-9BAD-9CDF070A100F}.Release|ARM.Build.0 = Release|ARM
		{F8BD0B29-0447-4D95-9551-F54A69DE826D}.Debug|ARM.ActiveCfg = Debug|ARM
		{F8BD0B29-0447-4D95-9551-F54A69DE826D}.Debug|ARM.Build.0 = Debug|ARM
		{F8BD0B29-0447-4D95-9551-F54A69DE826D}.Release|ARM.ActiveCfg = Release|ARM
		{F8BD0B29-0447-4D95-9551-F54A69DE826D}.Release|ARM.Build.0 = Release|ARM
		{1397AA03-942B-4B4B-AF58-BE5D2D1EAB46}.Debug|ARM.ActiveCfg = Debug|ARM
		{1397AA03-942B-4B4B-AF58-BE5D2D1EAB46}.Debug|ARM.Build.0 = Debug|ARM
		{1397AA03-942B-4B4B-AF58-BE5D2D1EAB46}.Release|ARM.ActiveCfg = Release|ARM
		{1397AA03-942B-4B4B-AF58-BE5D2D1EAB46}.Release|ARM.Build.0 = Release|ARM
		{F84AF7A6-1899-4333-9F2B-A38158C88544}.Debug|ARM.ActiveCfg = Debug|ARM
		{F84AF7A6-1899-4333-9F2B-A38158C88544}.Debug|ARM.Build.0 = Debug|ARM
		{F84AF7A6-1899-4333-9F2B-A38158C88544}.Release|ARM.ActiveCfg = Release|ARM
		{F84AF7A6-1899-4333-9F2B-A38158C88544}.Release|ARM.Build.0 = Release|ARM
		{905AD049-43B2-4D4C-925F-9C7C87D9146B}.Debug|ARM.ActiveCfg = Debug|ARM
		{905AD049-43B2-4D4C-925F-9C7C87D9146B}.Debug|ARM.Build.0 = Debug|ARM
		{905AD049-43B2-4D4C-925F-9C7C87D9146B}.Release|ARM.ActiveCfg = Release|ARM
		{905AD049-43B2-4D4C-925F-9C7C87D9146B}.Release|ARM.Build.0 = Release|ARM
		{95B53D31-4480-4344-BE94-D9EE7820857F}.Debug|ARM.ActiveCfg = Debug|ARM
		{95B53D31-4480-4344-BE94-D9EE7820857F}.Debug|ARM.Build.0 = Debug|ARM
		{95B53D31-4480-4344-BE94-D9EE7820857F}.Release|ARM.ActiveCfg = Release|ARM
		{95B53D31-4480-4344-BE94-D9EE7820857F}.Release|ARM.Build.0 = Release|ARM
	EndGlobalSection
	GlobalSection(SolutionProperties) = preSolution
		HideSolutionNode = FALSE
	EndGlobalSection
	GlobalSection(NestedProjects) = preSolution
		{95B53D31-4480-4344-BE94-D9EE7820857F} = {B69D2EB1-CCD4-4DE9-A6B7-FD505194B0E7}
	EndGlobalSection
	GlobalSection(ExtensibilityGlobals) = postSolution
		SolutionGuid = {6BF49134-635C-49EA-AFA2-33C8D1FA7806}
	EndGlobalSection
EndGlobal
