
Microsoft Visual Studio Solution File, Format Version 12.00
# Visual Studio 14
VisualStudioVersion = 14.0.25420.1
MinimumVisualStudioVersion = 10.0.40219.1
Project("{8BC9CEB8-8B4A-11D0-8D11-00A0C91BC942}") = "libxslt", "libxslt\libxslt.vcxproj", "{4E956DAE-BCF7-4E4D-B304-2BB024570EC8}"
EndProject
Project("{8BC9CEB8-8B4A-11D0-8D11-00A0C91BC942}") = "libexslt", "libexslt\libexslt.vcxproj", "{E44D78FF-266E-4B5B-9BAD-9CDF070A100F}"
	ProjectSection(ProjectDependencies) = postProject
		{4E956DAE-BCF7-4E4D-B304-2BB024570EC8} = {4E956DAE-BCF7-4E4D-B304-2BB024570EC8}
	EndProjectSection
EndProject
Project("{8BC9CEB8-8B4A-11D0-8D11-00A0C91BC942}") = "libxslt-static", "libxslt-static\libxslt-static.vcxproj", "{F8BD0B29-0447-4D95-9551-F54A69DE826D}"
EndProject
Project("{8BC9CEB8-8B4A-11D0-8D11-00A0C91BC942}") = "libexslt-static", "libexslt-static\libexslt-static.vcxproj", "{1397AA03-942B-4B4B-AF58-BE5D2D1EAB46}"
	ProjectSection(ProjectDependencies) = postProject
		{F8BD0B29-0447-4D95-9551-F54A69DE826D} = {F8BD0B29-0447-4D95-9551-F54A69DE826D}
	EndProjectSection
EndProject
Global
	GlobalSection(SolutionConfigurationPlatforms) = preSolution
		Debug|x64 = Debug|x64
		Debug|x86 = Debug|x86
		Release|x64 = Release|x64
		Release|x86 = Release|x86
	EndGlobalSection
	GlobalSection(ProjectConfigurationPlatforms) = postSolution
		{4E956DAE-BCF7-4E4D-B304-2BB024570EC8}.Debug|x64.ActiveCfg = Debug|x64
		{4E956DAE-BCF7-4E4D-B304-2BB024570EC8}.Debug|x64.Build.0 = Debug|x64
		{4E956DAE-BCF7-4E4D-B304-2BB024570EC8}.Debug|x86.ActiveCfg = Debug|Win32
		{4E956DAE-BCF7-4E4D-B304-2BB024570EC8}.Debug|x86.Build.0 = Debug|Win32
		{4E956DAE-BCF7-4E4D-B304-2BB024570EC8}.Release|x64.ActiveCfg = Release|x64
		{4E956DAE-BCF7-4E4D-B304-2BB024570EC8}.Release|x64.Build.0 = Release|x64
		{4E956DAE-BCF7-4E4D-B304-2BB024570EC8}.Release|x86.ActiveCfg = Release|Win32
		{4E956DAE-BCF7-4E4D-B304-2BB024570EC8}.Release|x86.Build.0 = Release|Win32
		{E44D78FF-266E-4B5B-9BAD-9CDF070A100F}.Debug|x64.ActiveCfg = Debug|x64
		{E44D78FF-266E-4B5B-9BAD-9CDF070A100F}.Debug|x64.Build.0 = Debug|x64
		{E44D78FF-266E-4B5B-9BAD-9CDF070A100F}.Debug|x86.ActiveCfg = Debug|Win32
		{E44D78FF-266E-4B5B-9BAD-9CDF070A100F}.Debug|x86.Build.0 = Debug|Win32
		{E44D78FF-266E-4B5B-9BAD-9CDF070A100F}.Release|x64.ActiveCfg = Release|x64
		{E44D78FF-266E-4B5B-9BAD-9CDF070A100F}.Release|x64.Build.0 = Release|x64
		{E44D78FF-266E-4B5B-9BAD-9CDF070A100F}.Release|x86.ActiveCfg = Release|Win32
		{E44D78FF-266E-4B5B-9BAD-9CDF070A100F}.Release|x86.Build.0 = Release|Win32
		{F8BD0B29-0447-4D95-9551-F54A69DE826D}.Debug|x64.ActiveCfg = Debug|x64
		{F8BD0B29-0447-4D95-9551-F54A69DE826D}.Debug|x64.Build.0 = Debug|x64
		{F8BD0B29-0447-4D95-9551-F54A69DE826D}.Debug|x86.ActiveCfg = Debug|Win32
		{F8BD0B29-0447-4D95-9551-F54A69DE826D}.Debug|x86.Build.0 = Debug|Win32
		{F8BD0B29-0447-4D95-9551-F54A69DE826D}.Release|x64.ActiveCfg = Release|x64
		{F8BD0B29-0447-4D95-9551-F54A69DE826D}.Release|x64.Build.0 = Release|x64
		{F8BD0B29-0447-4D95-9551-F54A69DE826D}.Release|x86.ActiveCfg = Release|Win32
		{F8BD0B29-0447-4D95-9551-F54A69DE826D}.Release|x86.Build.0 = Release|Win32
		{1397AA03-942B-4B4B-AF58-BE5D2D1EAB46}.Debug|x64.ActiveCfg = Debug|x64
		{1397AA03-942B-4B4B-AF58-BE5D2D1EAB46}.Debug|x64.Build.0 = Debug|x64
		{1397AA03-942B-4B4B-AF58-BE5D2D1EAB46}.Debug|x86.ActiveCfg = Debug|Win32
		{1397AA03-942B-4B4B-AF58-BE5D2D1EAB46}.Debug|x86.Build.0 = Debug|Win32
		{1397AA03-942B-4B4B-AF58-BE5D2D1EAB46}.Release|x64.ActiveCfg = Release|x64
		{1397AA03-942B-4B4B-AF58-BE5D2D1EAB46}.Release|x64.Build.0 = Release|x64
		{1397AA03-942B-4B4B-AF58-BE5D2D1EAB46}.Release|x86.ActiveCfg = Release|Win32
		{1397AA03-942B-4B4B-AF58-BE5D2D1EAB46}.Release|x86.Build.0 = Release|Win32
	EndGlobalSection
	GlobalSection(SolutionProperties) = preSolution
		HideSolutionNode = FALSE
	EndGlobalSection
EndGlobal
